Microsoft Visual Studio Solution File, Format Version 12.00
# Visual Studio Version 17
VisualStudioVersion = 17.5.2.0
MinimumVisualStudioVersion = 10.0.40219.1
Project("{2150E333-8FDC-42A3-9474-1A3956D46DE8}") = "Backend_API", "Backend_API", "{0DBBB92B-E9C1-4326-1190-FB1105D89267}"
EndProject
Project("{FAE04EC0-301F-11D3-BF4B-00C04F79EFBC}") = "Backend-API", "Backend_API\Backend-API.csproj", "{C04A0B27-8D8C-679C-CABE-F24CCF4E2C3C}"
EndProject
Global
	GlobalSection(SolutionConfigurationPlatforms) = preSolution
		Debug|Any CPU = Debug|Any CPU
		Release|Any CPU = Release|Any CPU
	EndGlobalSection
	GlobalSection(ProjectConfigurationPlatforms) = postSolution
		{C04A0B27-8D8C-679C-CABE-F24CCF4E2C3C}.Debug|Any CPU.ActiveCfg = Debug|Any CPU
		{C04A0B27-8D8C-679C-CABE-F24CCF4E2C3C}.Debug|Any CPU.Build.0 = Debug|Any CPU
		{C04A0B27-8D8C-679C-CABE-F24CCF4E2C3C}.Release|Any CPU.ActiveCfg = Release|Any CPU
		{C04A0B27-8D8C-679C-CABE-F24CCF4E2C3C}.Release|Any CPU.Build.0 = Release|Any CPU
	EndGlobalSection
	GlobalSection(SolutionProperties) = preSolution
		HideSolutionNode = FALSE
	EndGlobalSection
	GlobalSection(NestedProjects) = preSolution
		{C04A0B27-8D8C-679C-CABE-F24CCF4E2C3C} = {0DBBB92B-E9C1-4326-1190-FB1105D89267}
	EndGlobalSection
	GlobalSection(ExtensibilityGlobals) = postSolution
		SolutionGuid = {707A1867-39CF-46E4-831D-6DFE60CF29CE}
	EndGlobalSection
EndGlobal
